DEPENDENCIES
  rails_gem_dependencies-tlq
    git: git://github.com/TalkingQuickly/rails_gem_dependencies-tlq.git
    revision: f62ff22492dd9a2c31cd856de176c19f0fbe2d73
  ruby_rbenv
    git: git://github.com/fnichol/chef-rbenv.git
    revision: ea66c6f18be9cb54bae70b1280408bb09e47dc53

GRAPH
  apt (3.0.0)
  java (1.39.0)
    apt (>= 0.0.0)
  rails_gem_dependencies-tlq (0.0.3)
    apt (>= 0.0.0)
  ruby_build (0.8.0)
  ruby_rbenv (1.0.1)
    java (> 1.4.0)
    ruby_build (>= 0.0.0)
